// !$*UTF8*$!
{
	archiveVersion = 1;
	classes = {
	};
	objectVersion = 50;
	objects = {

/* Begin PBXBuildFile section */
		1E8D309E25576C4000285156 /* RestaurantSheet.swift in Sources */ = {isa = PBXBuildFile; fileRef = 1E8D309D25576C4000285156 /* RestaurantSheet.swift */; };
		1E8D30A32557806A00285156 /* ReviewsView.swift in Sources */ = {isa = PBXBuildFile; fileRef = 1E8D30A22557806A00285156 /* ReviewsView.swift */; };
		1E8D30A92557A42100285156 /* ReviewSheet.swift in Sources */ = {isa = PBXBuildFile; fileRef = 1E8D30A82557A42100285156 /* ReviewSheet.swift */; };
		1E8D30B42558283C00285156 /* Review+CoreDataClass.swift in Sources */ = {isa = PBXBuildFile; fileRef = 1E8D30B02558283C00285156 /* Review+CoreDataClass.swift */; };
		1E8D30B52558283C00285156 /* Review+CoreDataProperties.swift in Sources */ = {isa = PBXBuildFile; fileRef = 1E8D30B12558283C00285156 /* Review+CoreDataProperties.swift */; };
		1E8D30C025582AF200285156 /* Restaurant+CoreDataClass.swift in Sources */ = {isa = PBXBuildFile; fileRef = 1E8D30BE25582AF200285156 /* Restaurant+CoreDataClass.swift */; };
		1E8D30C125582AF200285156 /* Restaurant+CoreDataProperties.swift in Sources */ = {isa = PBXBuildFile; fileRef = 1E8D30BF25582AF200285156 /* Restaurant+CoreDataProperties.swift */; };
		1E9186202553A0EF00D43520 /* ReviewRestaurantsMKEToolApp.swift in Sources */ = {isa = PBXBuildFile; fileRef = 1E91861F2553A0EF00D43520 /* ReviewRestaurantsMKEToolApp.swift */; };
		1E9186222553A0EF00D43520 /* ContentView.swift in Sources */ = {isa = PBXBuildFile; fileRef = 1E9186212553A0EF00D43520 /* ContentView.swift */; };
		1E9186242553A0F100D43520 /* Assets.xcassets in Resources */ = {isa = PBXBuildFile; fileRef = 1E9186232553A0F100D43520 /* Assets.xcassets */; };
		1E9186272553A0F100D43520 /* Preview Assets.xcassets in Resources */ = {isa = PBXBuildFile; fileRef = 1E9186262553A0F100D43520 /* Preview Assets.xcassets */; };
		1E9186292553A0F100D43520 /* Persistence.swift in Sources */ = {isa = PBXBuildFile; fileRef = 1E9186282553A0F100D43520 /* Persistence.swift */; };
		1E91862C2553A0F100D43520 /* ReviewRestaurantsMKETool.xcdatamodeld in Sources */ = {isa = PBXBuildFile; fileRef = 1E91862A2553A0F100D43520 /* ReviewRestaurantsMKETool.xcdatamodeld */; };
		1E9186372553A0F200D43520 /* ReviewRestaurantsMKEToolTests.swift in Sources */ = {isa = PBXBuildFile; fileRef = 1E9186362553A0F200D43520 /* ReviewRestaurantsMKEToolTests.swift */; };
		1E9186422553A0F200D43520 /* ReviewRestaurantsMKEToolUITests.swift in Sources */ = {isa = PBXBuildFile; fileRef = 1E9186412553A0F200D43520 /* ReviewRestaurantsMKEToolUITests.swift */; };
		1EDA93F12558C623007AFD6D /* Cuisine+CoreDataClass.swift in Sources */ = {isa = PBXBuildFile; fileRef = 1EDA93EF2558C623007AFD6D /* Cuisine+CoreDataClass.swift */; };
		1EDA93F22558C623007AFD6D /* Cuisine+CoreDataProperties.swift in Sources */ = {isa = PBXBuildFile; fileRef = 1EDA93F02558C623007AFD6D /* Cuisine+CoreDataProperties.swift */; };
/* End PBXBuildFile section */

/* Begin PBXContainerItemProxy section */
		1E9186332553A0F200D43520 /* PBXContainerItemProxy */ = {
			isa = PBXContainerItemProxy;
			containerPortal = 1E9186142553A0EF00D43520 /* Project object */;
			proxyType = 1;
			remoteGlobalIDString = 1E91861B2553A0EF00D43520;
			remoteInfo = ReviewRestaurantsMKETool;
		};
		1E91863E2553A0F200D43520 /* PBXContainerItemProxy */ = {
			isa = PBXContainerItemProxy;
			containerPortal = 1E9186142553A0EF00D43520 /* Project object */;
			proxyType = 1;
			remoteGlobalIDString = 1E91861B2553A0EF00D43520;
			remoteInfo = ReviewRestaurantsMKETool;
		};
/* End PBXContainerItemProxy section */

/* Begin PBXFileReference section */
		1E8D309D25576C4000285156 /* RestaurantSheet.swift */ = {isa = PBXFileReference; lastKnownFileType = sourcecode.swift; path = RestaurantSheet.swift; sourceTree = "<group>"; };
		1E8D30A22557806A00285156 /* ReviewsView.swift */ = {isa = PBXFileReference; lastKnownFileType = sourcecode.swift; path = ReviewsView.swift; sourceTree = "<group>"; };
		1E8D30A82557A42100285156 /* ReviewSheet.swift */ = {isa = PBXFileReference; lastKnownFileType = sourcecode.swift; path = ReviewSheet.swift; sourceTree = "<group>"; };
		1E8D30B02558283C00285156 /* Review+CoreDataClass.swift */ = {isa = PBXFileReference; lastKnownFileType = sourcecode.swift; path = "Review+CoreDataClass.swift"; sourceTree = "<group>"; };
		1E8D30B12558283C00285156 /* Review+CoreDataProperties.swift */ = {isa = PBXFileReference; lastKnownFileType = sourcecode.swift; path = "Review+CoreDataProperties.swift"; sourceTree = "<group>"; };
		1E8D30BE25582AF200285156 /* Restaurant+CoreDataClass.swift */ = {isa = PBXFileReference; lastKnownFileType = sourcecode.swift; path = "Restaurant+CoreDataClass.swift"; sourceTree = "<group>"; };
		1E8D30BF25582AF200285156 /* Restaurant+CoreDataProperties.swift */ = {isa = PBXFileReference; lastKnownFileType = sourcecode.swift; path = "Restaurant+CoreDataProperties.swift"; sourceTree = "<group>"; };
		1E91861C2553A0EF00D43520 /* ReviewRestaurantsMKETool.app */ = {isa = PBXFileReference; explicitFileType = wrapper.application; includeInIndex = 0; path = ReviewRestaurantsMKETool.app; sourceTree = BUILT_PRODUCTS_DIR; };
		1E91861F2553A0EF00D43520 /* ReviewRestaurantsMKEToolApp.swift */ = {isa = PBXFileReference; lastKnownFileType = sourcecode.swift; path = ReviewRestaurantsMKEToolApp.swift; sourceTree = "<group>"; };
		1E9186212553A0EF00D43520 /* ContentView.swift */ = {isa = PBXFileReference; lastKnownFileType = sourcecode.swift; path = ContentView.swift; sourceTree = "<group>"; };
		1E9186232553A0F100D43520 /* Assets.xcassets */ = {isa = PBXFileReference; lastKnownFileType = folder.assetcatalog; path = Assets.xcassets; sourceTree = "<group>"; };
		1E9186262553A0F100D43520 /* Preview Assets.xcassets */ = {isa = PBXFileReference; lastKnownFileType = folder.assetcatalog; path = "Preview Assets.xcassets"; sourceTree = "<group>"; };
		1E9186282553A0F100D43520 /* Persistence.swift */ = {isa = PBXFileReference; lastKnownFileType = sourcecode.swift; path = Persistence.swift; sourceTree = "<group>"; };
		1E91862B2553A0F100D43520 /* ReviewRestaurantsMKETool.xcdatamodel */ = {isa = PBXFileReference; lastKnownFileType = wrapper.xcdatamodel; path = ReviewRestaurantsMKETool.xcdatamodel; sourceTree = "<group>"; };
		1E91862D2553A0F100D43520 /* Info.plist */ = {isa = PBXFileReference; lastKnownFileType = text.plist.xml; path = Info.plist; sourceTree = "<group>"; };
		1E9186322553A0F200D43520 /* ReviewRestaurantsMKEToolTests.xctest */ = {isa = PBXFileReference; explicitFileType = wrapper.cfbundle; includeInIndex = 0; path = ReviewRestaurantsMKEToolTests.xctest; sourceTree = BUILT_PRODUCTS_DIR; };
		1E9186362553A0F200D43520 /* ReviewRestaurantsMKEToolTests.swift */ = {isa = PBXFileReference; lastKnownFileType = sourcecode.swift; path = ReviewRestaurantsMKEToolTests.swift; sourceTree = "<group>"; };
		1E9186382553A0F200D43520 /* Info.plist */ = {isa = PBXFileReference; lastKnownFileType = text.plist.xml; path = Info.plist; sourceTree = "<group>"; };
		1E91863D2553A0F200D43520 /* ReviewRestaurantsMKEToolUITests.xctest */ = {isa = PBXFileReference; explicitFileType = wrapper.cfbundle; includeInIndex = 0; path = ReviewRestaurantsMKEToolUITests.xctest; sourceTree = BUILT_PRODUCTS_DIR; };
		1E9186412553A0F200D43520 /* ReviewRestaurantsMKEToolUITests.swift */ = {isa = PBXFileReference; lastKnownFileType = sourcecode.swift; path = ReviewRestaurantsMKEToolUITests.swift; sourceTree = "<group>"; };
		1E9186432553A0F200D43520 /* Info.plist */ = {isa = PBXFileReference; lastKnownFileType = text.plist.xml; path = Info.plist; sourceTree = "<group>"; };
		1EDA93EF2558C623007AFD6D /* Cuisine+CoreDataClass.swift */ = {isa = PBXFileReference; lastKnownFileType = sourcecode.swift; path = "Cuisine+CoreDataClass.swift"; sourceTree = "<group>"; };
		1EDA93F02558C623007AFD6D /* Cuisine+CoreDataProperties.swift */ = {isa = PBXFileReference; lastKnownFileType = sourcecode.swift; path = "Cuisine+CoreDataProperties.swift"; sourceTree = "<group>"; };
/* End PBXFileReference section */

/* Begin PBXFrameworksBuildPhase section */
		1E9186192553A0EF00D43520 /* Frameworks */ = {
			isa = PBXFrameworksBuildPhase;
			buildActionMask = 2147483647;
			files = (
			);
			runOnlyForDeploymentPostprocessing = 0;
		};
		1E91862F2553A0F200D43520 /* Frameworks */ = {
			isa = PBXFrameworksBuildPhase;
			buildActionMask = 2147483647;
			files = (
			);
			runOnlyForDeploymentPostprocessing = 0;
		};
		1E91863A2553A0F200D43520 /* Frameworks */ = {
			isa = PBXFrameworksBuildPhase;
			buildActionMask = 2147483647;
			files = (
			);
			runOnlyForDeploymentPostprocessing = 0;
		};
/* End PBXFrameworksBuildPhase section */

/* Begin PBXGroup section */
		1E9186132553A0EF00D43520 = {
			isa = PBXGroup;
			children = (
				1EDA93EF2558C623007AFD6D /* Cuisine+CoreDataClass.swift */,
				1EDA93F02558C623007AFD6D /* Cuisine+CoreDataProperties.swift */,
				1E8D30BE25582AF200285156 /* Restaurant+CoreDataClass.swift */,
				1E8D30BF25582AF200285156 /* Restaurant+CoreDataProperties.swift */,
				1E8D30B02558283C00285156 /* Review+CoreDataClass.swift */,
				1E8D30B12558283C00285156 /* Review+CoreDataProperties.swift */,
				1E91861E2553A0EF00D43520 /* ReviewRestaurantsMKETool */,
				1E9186352553A0F200D43520 /* ReviewRestaurantsMKEToolTests */,
				1E9186402553A0F200D43520 /* ReviewRestaurantsMKEToolUITests */,
				1E91861D2553A0EF00D43520 /* Products */,
			);
			sourceTree = "<group>";
		};
		1E91861D2553A0EF00D43520 /* Products */ = {
			isa = PBXGroup;
			children = (
				1E91861C2553A0EF00D43520 /* ReviewRestaurantsMKETool.app */,
				1E9186322553A0F200D43520 /* ReviewRestaurantsMKEToolTests.xctest */,
				1E91863D2553A0F200D43520 /* ReviewRestaurantsMKEToolUITests.xctest */,
			);
			name = Products;
			sourceTree = "<group>";
		};
		1E91861E2553A0EF00D43520 /* ReviewRestaurantsMKETool */ = {
			isa = PBXGroup;
			children = (
				1E91861F2553A0EF00D43520 /* ReviewRestaurantsMKEToolApp.swift */,
				1E9186212553A0EF00D43520 /* ContentView.swift */,
				1E8D30A22557806A00285156 /* ReviewsView.swift */,
				1E8D30A82557A42100285156 /* ReviewSheet.swift */,
				1E8D309D25576C4000285156 /* RestaurantSheet.swift */,
				1E9186232553A0F100D43520 /* Assets.xcassets */,
				1E9186282553A0F100D43520 /* Persistence.swift */,
				1E91862D2553A0F100D43520 /* Info.plist */,
				1E91862A2553A0F100D43520 /* ReviewRestaurantsMKETool.xcdatamodeld */,
				1E9186252553A0F100D43520 /* Preview Content */,
			);
			path = ReviewRestaurantsMKETool;
			sourceTree = "<group>";
		};
		1E9186252553A0F100D43520 /* Preview Content */ = {
			isa = PBXGroup;
			children = (
				1E9186262553A0F100D43520 /* Preview Assets.xcassets */,
			);
			path = "Preview Content";
			sourceTree = "<group>";
		};
		1E9186352553A0F200D43520 /* ReviewRestaurantsMKEToolTests */ = {
			isa = PBXGroup;
			children = (
				1E9186362553A0F200D43520 /* ReviewRestaurantsMKEToolTests.swift */,
				1E9186382553A0F200D43520 /* Info.plist */,
			);
			path = ReviewRestaurantsMKEToolTests;
			sourceTree = "<group>";
		};
		1E9186402553A0F200D43520 /* ReviewRestaurantsMKEToolUITests */ = {
			isa = PBXGroup;
			children = (
				1E9186412553A0F200D43520 /* ReviewRestaurantsMKEToolUITests.swift */,
				1E9186432553A0F200D43520 /* Info.plist */,
			);
			path = ReviewRestaurantsMKEToolUITests;
			sourceTree = "<group>";
		};
/* End PBXGroup section */

/* Begin PBXNativeTarget section */
		1E91861B2553A0EF00D43520 /* ReviewRestaurantsMKETool */ = {
			isa = PBXNativeTarget;
			buildConfigurationList = 1E9186462553A0F200D43520 /* Build configuration list for PBXNativeTarget "ReviewRestaurantsMKETool" */;
			buildPhases = (
				1E9186182553A0EF00D43520 /* Sources */,
				1E9186192553A0EF00D43520 /* Frameworks */,
				1E91861A2553A0EF00D43520 /* Resources */,
			);
			buildRules = (
			);
			dependencies = (
			);
			name = ReviewRestaurantsMKETool;
			productName = ReviewRestaurantsMKETool;
			productReference = 1E91861C2553A0EF00D43520 /* ReviewRestaurantsMKETool.app */;
			productType = "com.apple.product-type.application";
		};
		1E9186312553A0F200D43520 /* ReviewRestaurantsMKEToolTests */ = {
			isa = PBXNativeTarget;
			buildConfigurationList = 1E9186492553A0F200D43520 /* Build configuration list for PBXNativeTarget "ReviewRestaurantsMKEToolTests" */;
			buildPhases = (
				1E91862E2553A0F200D43520 /* Sources */,
				1E91862F2553A0F200D43520 /* Frameworks */,
				1E9186302553A0F200D43520 /* Resources */,
			);
			buildRules = (
			);
			dependencies = (
				1E9186342553A0F200D43520 /* PBXTargetDependency */,
			);
			name = ReviewRestaurantsMKEToolTests;
			productName = ReviewRestaurantsMKEToolTests;
			productReference = 1E9186322553A0F200D43520 /* ReviewRestaurantsMKEToolTests.xctest */;
			productType = "com.apple.product-type.bundle.unit-test";
		};
		1E91863C2553A0F200D43520 /* ReviewRestaurantsMKEToolUITests */ = {
			isa = PBXNativeTarget;
			buildConfigurationList = 1E91864C2553A0F200D43520 /* Build configuration list for PBXNativeTarget "ReviewRestaurantsMKEToolUITests" */;
			buildPhases = (
				1E9186392553A0F200D43520 /* Sources */,
				1E91863A2553A0F200D43520 /* Frameworks */,
				1E91863B2553A0F200D43520 /* Resources */,
			);
			buildRules = (
			);
			dependencies = (
				1E91863F2553A0F200D43520 /* PBXTargetDependency */,
			);
			name = ReviewRestaurantsMKEToolUITests;
			productName = ReviewRestaurantsMKEToolUITests;
			productReference = 1E91863D2553A0F200D43520 /* ReviewRestaurantsMKEToolUITests.xctest */;
			productType = "com.apple.product-type.bundle.ui-testing";
		};
/* End PBXNativeTarget section */

/* Begin PBXProject section */
		1E9186142553A0EF00D43520 /* Project object */ = {
			isa = PBXProject;
			attributes = {
				LastSwiftUpdateCheck = 1210;
				LastUpgradeCheck = 1210;
				TargetAttributes = {
					1E91861B2553A0EF00D43520 = {
						CreatedOnToolsVersion = 12.1;
					};
					1E9186312553A0F200D43520 = {
						CreatedOnToolsVersion = 12.1;
						TestTargetID = 1E91861B2553A0EF00D43520;
					};
					1E91863C2553A0F200D43520 = {
						CreatedOnToolsVersion = 12.1;
						TestTargetID = 1E91861B2553A0EF00D43520;
					};
				};
			};
			buildConfigurationList = 1E9186172553A0EF00D43520 /* Build configuration list for PBXProject "ReviewRestaurantsMKETool" */;
			compatibilityVersion = "Xcode 9.3";
			developmentRegion = en;
			hasScannedForEncodings = 0;
			knownRegions = (
				en,
				Base,
			);
			mainGroup = 1E9186132553A0EF00D43520;
			productRefGroup = 1E91861D2553A0EF00D43520 /* Products */;
			projectDirPath = "";
			projectRoot = "";
			targets = (
				1E91861B2553A0EF00D43520 /* ReviewRestaurantsMKETool */,
				1E9186312553A0F200D43520 /* ReviewRestaurantsMKEToolTests */,
				1E91863C2553A0F200D43520 /* ReviewRestaurantsMKEToolUITests */,
			);
		};
/* End PBXProject section */

/* Begin PBXResourcesBuildPhase section */
		1E91861A2553A0EF00D43520 /* Resources */ = {
			isa = PBXResourcesBuildPhase;
			buildActionMask = 2147483647;
			files = (
				1E9186272553A0F100D43520 /* Preview Assets.xcassets in Resources */,
				1E9186242553A0F100D43520 /* Assets.xcassets in Resources */,
			);
			runOnlyForDeploymentPostprocessing = 0;
		};
		1E9186302553A0F200D43520 /* Resources */ = {
			isa = PBXResourcesBuildPhase;
			buildActionMask = 2147483647;
			files = (
			);
			runOnlyForDeploymentPostprocessing = 0;
		};
		1E91863B2553A0F200D43520 /* Resources */ = {
			isa = PBXResourcesBuildPhase;
			buildActionMask = 2147483647;
			files = (
			);
			runOnlyForDeploymentPostprocessing = 0;
		};
/* End PBXResourcesBuildPhase section */

/* Begin PBXSourcesBuildPhase section */
		1E9186182553A0EF00D43520 /* Sources */ = {
			isa = PBXSourcesBuildPhase;
			buildActionMask = 2147483647;
			files = (
				1E9186292553A0F100D43520 /* Persistence.swift in Sources */,
				1E8D30C025582AF200285156 /* Restaurant+CoreDataClass.swift in Sources */,
				1E9186222553A0EF00D43520 /* ContentView.swift in Sources */,
				1E8D30B42558283C00285156 /* Review+CoreDataClass.swift in Sources */,
				1E8D30A92557A42100285156 /* ReviewSheet.swift in Sources */,
				1E8D30A32557806A00285156 /* ReviewsView.swift in Sources */,
				1E91862C2553A0F100D43520 /* ReviewRestaurantsMKETool.xcdatamodeld in Sources */,
				1E8D30C125582AF200285156 /* Restaurant+CoreDataProperties.swift in Sources */,
				1E8D309E25576C4000285156 /* RestaurantSheet.swift in Sources */,
				1E9186202553A0EF00D43520 /* ReviewRestaurantsMKEToolApp.swift in Sources */,
				1EDA93F12558C623007AFD6D /* Cuisine+CoreDataClass.swift in Sources */,
				1E8D30B52558283C00285156 /* Review+CoreDataProperties.swift in Sources */,
				1EDA93F22558C623007AFD6D /* Cuisine+CoreDataProperties.swift in Sources */,
			);
			runOnlyForDeploymentPostprocessing = 0;
		};
		1E91862E2553A0F200D43520 /* Sources */ = {
			isa = PBXSourcesBuildPhase;
			buildActionMask = 2147483647;
			files = (
				1E9186372553A0F200D43520 /* ReviewRestaurantsMKEToolTests.swift in Sources */,
			);
			runOnlyForDeploymentPostprocessing = 0;
		};
		1E9186392553A0F200D43520 /* Sources */ = {
			isa = PBXSourcesBuildPhase;
			buildActionMask = 2147483647;
			files = (
				1E9186422553A0F200D43520 /* ReviewRestaurantsMKEToolUITests.swift in Sources */,
			);
			runOnlyForDeploymentPostprocessing = 0;
		};
/* End PBXSourcesBuildPhase section */

/* Begin PBXTargetDependency section */
		1E9186342553A0F200D43520 /* PBXTargetDependency */ = {
			isa = PBXTargetDependency;
			target = 1E91861B2553A0EF00D43520 /* ReviewRestaurantsMKETool */;
			targetProxy = 1E9186332553A0F200D43520 /* PBXContainerItemProxy */;
		};
		1E91863F2553A0F200D43520 /* PBXTargetDependency */ = {
			isa = PBXTargetDependency;
			target = 1E91861B2553A0EF00D43520 /* ReviewRestaurantsMKETool */;
			targetProxy = 1E91863E2553A0F200D43520 /* PBXContainerItemProxy */;
		};
/* End PBXTargetDependency section */

/* Begin XCBuildConfiguration section */
		1E9186442553A0F200D43520 /* Debug */ = {
			isa = XCBuildConfiguration;
			buildSettings = {
				ALWAYS_SEARCH_USER_PATHS = NO;
				CLANG_ANALYZER_NONNULL = YES;
				CLANG_ANALYZER_NUMBER_OBJECT_CONVERSION = YES_AGGRESSIVE;
				CLANG_CXX_LANGUAGE_STANDARD = "gnu++14";
				CLANG_CXX_LIBRARY = "libc++";
				CLANG_ENABLE_MODULES = YES;
				CLANG_ENABLE_OBJC_ARC = YES;
				CLANG_ENABLE_OBJC_WEAK = YES;
				CLANG_WARN_BLOCK_CAPTURE_AUTORELEASING = YES;
				CLANG_WARN_BOOL_CONVERSION = YES;
				CLANG_WARN_COMMA = YES;
				CLANG_WARN_CONSTANT_CONVERSION = YES;
				CLANG_WARN_DEPRECATED_OBJC_IMPLEMENTATIONS = YES;
				CLANG_WARN_DIRECT_OBJC_ISA_USAGE = YES_ERROR;
				CLANG_WARN_DOCUMENTATION_COMMENTS = YES;
				CLANG_WARN_EMPTY_BODY = YES;
				CLANG_WARN_ENUM_CONVERSION = YES;
				CLANG_WARN_INFINITE_RECURSION = YES;
				CLANG_WARN_INT_CONVERSION = YES;
				CLANG_WARN_NON_LITERAL_NULL_CONVERSION = YES;
				CLANG_WARN_OBJC_IMPLICIT_RETAIN_SELF = YES;
				CLANG_WARN_OBJC_LITERAL_CONVERSION = YES;
				CLANG_WARN_OBJC_ROOT_CLASS = YES_ERROR;
				CLANG_WARN_QUOTED_INCLUDE_IN_FRAMEWORK_HEADER = YES;
				CLANG_WARN_RANGE_LOOP_ANALYSIS = YES;
				CLANG_WARN_STRICT_PROTOTYPES = YES;
				CLANG_WARN_SUSPICIOUS_MOVE = YES;
				CLANG_WARN_UNGUARDED_AVAILABILITY = YES_AGGRESSIVE;
				CLANG_WARN_UNREACHABLE_CODE = YES;
				CLANG_WARN__DUPLICATE_METHOD_MATCH = YES;
				COPY_PHASE_STRIP = NO;
				DEBUG_INFORMATION_FORMAT = dwarf;
				ENABLE_STRICT_OBJC_MSGSEND = YES;
				ENABLE_TESTABILITY = YES;
				GCC_C_LANGUAGE_STANDARD = gnu11;
				GCC_DYNAMIC_NO_PIC = NO;
				GCC_NO_COMMON_BLOCKS = YES;
				GCC_OPTIMIZATION_LEVEL = 0;
				GCC_PREPROCESSOR_DEFINITIONS = (
					"DEBUG=1",
					"$(inherited)",
				);
				GCC_WARN_64_TO_32_BIT_CONVERSION = YES;
				GCC_WARN_ABOUT_RETURN_TYPE = YES_ERROR;
				GCC_WARN_UNDECLARED_SELECTOR = YES;
				GCC_WARN_UNINITIALIZED_AUTOS = YES_AGGRESSIVE;
				GCC_WARN_UNUSED_FUNCTION = YES;
				GCC_WARN_UNUSED_VARIABLE = YES;
				IPHONEOS_DEPLOYMENT_TARGET = 14.1;
				MTL_ENABLE_DEBUG_INFO = INCLUDE_SOURCE;
				MTL_FAST_MATH = YES;
				ONLY_ACTIVE_ARCH = YES;
				SDKROOT = iphoneos;
				SWIFT_ACTIVE_COMPILATION_CONDITIONS = DEBUG;
				SWIFT_OPTIMIZATION_LEVEL = "-Onone";
			};
			name = Debug;
		};
		1E9186452553A0F200D43520 /* Release */ = {
			isa = XCBuildConfiguration;
			buildSettings = {
				ALWAYS_SEARCH_USER_PATHS = NO;
				CLANG_ANALYZER_NONNULL = YES;
				CLANG_ANALYZER_NUMBER_OBJECT_CONVERSION = YES_AGGRESSIVE;
				CLANG_CXX_LANGUAGE_STANDARD = "gnu++14";
				CLANG_CXX_LIBRARY = "libc++";
				CLANG_ENABLE_MODULES = YES;
				CLANG_ENABLE_OBJC_ARC = YES;
				CLANG_ENABLE_OBJC_WEAK = YES;
				CLANG_WARN_BLOCK_CAPTURE_AUTORELEASING = YES;
				CLANG_WARN_BOOL_CONVERSION = YES;
				CLANG_WARN_COMMA = YES;
				CLANG_WARN_CONSTANT_CONVERSION = YES;
				CLANG_WARN_DEPRECATED_OBJC_IMPLEMENTATIONS = YES;
				CLANG_WARN_DIRECT_OBJC_ISA_USAGE = YES_ERROR;
				CLANG_WARN_DOCUMENTATION_COMMENTS = YES;
				CLANG_WARN_EMPTY_BODY = YES;
				CLANG_WARN_ENUM_CONVERSION = YES;
				CLANG_WARN_INFINITE_RECURSION = YES;
				CLANG_WARN_INT_CONVERSION = YES;
				CLANG_WARN_NON_LITERAL_NULL_CONVERSION = YES;
				CLANG_WARN_OBJC_IMPLICIT_RETAIN_SELF = YES;
				CLANG_WARN_OBJC_LITERAL_CONVERSION = YES;
				CLANG_WARN_OBJC_ROOT_CLASS = YES_ERROR;
				CLANG_WARN_QUOTED_INCLUDE_IN_FRAMEWORK_HEADER = YES;
				CLANG_WARN_RANGE_LOOP_ANALYSIS = YES;
				CLANG_WARN_STRICT_PROTOTYPES = YES;
				CLANG_WARN_SUSPICIOUS_MOVE = YES;
				CLANG_WARN_UNGUARDED_AVAILABILITY = YES_AGGRESSIVE;
				CLANG_WARN_UNREACHABLE_CODE = YES;
				CLANG_WARN__DUPLICATE_METHOD_MATCH = YES;
				COPY_PHASE_STRIP = NO;
				DEBUG_INFORMATION_FORMAT = "dwarf-with-dsym";
				ENABLE_NS_ASSERTIONS = NO;
				ENABLE_STRICT_OBJC_MSGSEND = YES;
				GCC_C_LANGUAGE_STANDARD = gnu11;
				GCC_NO_COMMON_BLOCKS = YES;
				GCC_WARN_64_TO_32_BIT_CONVERSION = YES;
				GCC_WARN_ABOUT_RETURN_TYPE = YES_ERROR;
				GCC_WARN_UNDECLARED_SELECTOR = YES;
				GCC_WARN_UNINITIALIZED_AUTOS = YES_AGGRESSIVE;
				GCC_WARN_UNUSED_FUNCTION = YES;
				GCC_WARN_UNUSED_VARIABLE = YES;
				IPHONEOS_DEPLOYMENT_TARGET = 14.1;
				MTL_ENABLE_DEBUG_INFO = NO;
				MTL_FAST_MATH = YES;
				SDKROOT = iphoneos;
				SWIFT_COMPILATION_MODE = wholemodule;
				SWIFT_OPTIMIZATION_LEVEL = "-O";
				VALIDATE_PRODUCT = YES;
			};
			name = Release;
		};
		1E9186472553A0F200D43520 /* Debug */ = {
			isa = XCBuildConfiguration;
			buildSettings = {
				ASSETCATALOG_COMPILER_APPICON_NAME = AppIcon;
				ASSETCATALOG_COMPILER_GLOBAL_ACCENT_COLOR_NAME = AccentColor;
				CODE_SIGN_STYLE = Automatic;
				DEVELOPMENT_ASSET_PATHS = "\"ReviewRestaurantsMKETool/Preview Content\"";
				DEVELOPMENT_TEAM = H8AXNVU8SM;
				ENABLE_PREVIEWS = YES;
				INFOPLIST_FILE = ReviewRestaurantsMKETool/Info.plist;
				IPHONEOS_DEPLOYMENT_TARGET = 14.0;
				LD_RUNPATH_SEARCH_PATHS = (
					"$(inherited)",
					"@executable_path/Frameworks",
				);
				PRODUCT_BUNDLE_IDENTIFIER = com.luminaryID.ReviewRestaurantsMKETool;
				PRODUCT_NAME = "$(TARGET_NAME)";
				SWIFT_VERSION = 5.0;
				TARGETED_DEVICE_FAMILY = "1,2";
			};
			name = Debug;
		};
		1E9186482553A0F200D43520 /* Release */ = {
			isa = XCBuildConfiguration;
			buildSettings = {
				ASSETCATALOG_COMPILER_APPICON_NAME = AppIcon;
				ASSETCATALOG_COMPILER_GLOBAL_ACCENT_COLOR_NAME = AccentColor;
				CODE_SIGN_STYLE = Automatic;
				DEVELOPMENT_ASSET_PATHS = "\"ReviewRestaurantsMKETool/Preview Content\"";
				DEVELOPMENT_TEAM = H8AXNVU8SM;
				ENABLE_PREVIEWS = YES;
				INFOPLIST_FILE = ReviewRestaurantsMKETool/Info.plist;
				IPHONEOS_DEPLOYMENT_TARGET = 14.0;
				LD_RUNPATH_SEARCH_PATHS = (
					"$(inherited)",
					"@executable_path/Frameworks",
				);
				PRODUCT_BUNDLE_IDENTIFIER = com.luminaryID.ReviewRestaurantsMKETool;
				PRODUCT_NAME = "$(TARGET_NAME)";
				SWIFT_VERSION = 5.0;
				TARGETED_DEVICE_FAMILY = "1,2";
			};
			name = Release;
		};
		1E91864A2553A0F200D43520 /* Debug */ = {
			isa = XCBuildConfiguration;
			buildSettings = {
				ALWAYS_EMBED_SWIFT_STANDARD_LIBRARIES = YES;
				BUNDLE_LOADER = "$(TEST_HOST)";
				CODE_SIGN_STYLE = Automatic;
				DEVELOPMENT_TEAM = H8AXNVU8SM;
				INFOPLIST_FILE = ReviewRestaurantsMKEToolTests/Info.plist;
				IPHONEOS_DEPLOYMENT_TARGET = 14.0;
				LD_RUNPATH_SEARCH_PATHS = (
					"$(inherited)",
					"@executable_path/Frameworks",
					"@loader_path/Frameworks",
				);
				PRODUCT_BUNDLE_IDENTIFIER = com.luminaryID.ReviewRestaurantsMKEToolTests;
				PRODUCT_NAME = "$(TARGET_NAME)";
				SWIFT_VERSION = 5.0;
				TARGETED_DEVICE_FAMILY = "1,2";
				TEST_HOST = "$(BUILT_PRODUCTS_DIR)/ReviewRestaurantsMKETool.app/ReviewRestaurantsMKETool";
			};
			name = Debug;
		};
		1E91864B2553A0F200D43520 /* Release */ = {
			isa = XCBuildConfiguration;
			buildSettings = {
				ALWAYS_EMBED_SWIFT_STANDARD_LIBRARIES = YES;
				BUNDLE_LOADER = "$(TEST_HOST)";
				CODE_SIGN_STYLE = Automatic;
				DEVELOPMENT_TEAM = H8AXNVU8SM;
				INFOPLIST_FILE = ReviewRestaurantsMKEToolTests/Info.plist;
				IPHONEOS_DEPLOYMENT_TARGET = 14.0;
				LD_RUNPATH_SEARCH_PATHS = (
					"$(inherited)",
					"@executable_path/Frameworks",
					"@loader_path/Frameworks",
				);
				PRODUCT_BUNDLE_IDENTIFIER = com.luminaryID.ReviewRestaurantsMKEToolTests;
				PRODUCT_NAME = "$(TARGET_NAME)";
				SWIFT_VERSION = 5.0;
				TARGETED_DEVICE_FAMILY = "1,2";
				TEST_HOST = "$(BUILT_PRODUCTS_DIR)/ReviewRestaurantsMKETool.app/ReviewRestaurantsMKETool";
			};
			name = Release;
		};
		1E91864D2553A0F200D43520 /* Debug */ = {
			isa = XCBuildConfiguration;
			buildSettings = {
				ALWAYS_EMBED_SWIFT_STANDARD_LIBRARIES = YES;
				CODE_SIGN_STYLE = Automatic;
				DEVELOPMENT_TEAM = H8AXNVU8SM;
				INFOPLIST_FILE = ReviewRestaurantsMKEToolUITests/Info.plist;
				LD_RUNPATH_SEARCH_PATHS = (
					"$(inherited)",
					"@executable_path/Frameworks",
					"@loader_path/Frameworks",
				);
				PRODUCT_BUNDLE_IDENTIFIER = com.luminaryID.ReviewRestaurantsMKEToolUITests;
				PRODUCT_NAME = "$(TARGET_NAME)";
				SWIFT_VERSION = 5.0;
				TARGETED_DEVICE_FAMILY = "1,2";
				TEST_TARGET_NAME = ReviewRestaurantsMKETool;
			};
			name = Debug;
		};
		1E91864E2553A0F200D43520 /* Release */ = {
			isa = XCBuildConfiguration;
			buildSettings = {
				ALWAYS_EMBED_SWIFT_STANDARD_LIBRARIES = YES;
				CODE_SIGN_STYLE = Automatic;
				DEVELOPMENT_TEAM = H8AXNVU8SM;
				INFOPLIST_FILE = ReviewRestaurantsMKEToolUITests/Info.plist;
				LD_RUNPATH_SEARCH_PATHS = (
					"$(inherited)",
					"@executable_path/Frameworks",
					"@loader_path/Frameworks",
				);
				PRODUCT_BUNDLE_IDENTIFIER = com.luminaryID.ReviewRestaurantsMKEToolUITests;
				PRODUCT_NAME = "$(TARGET_NAME)";
				SWIFT_VERSION = 5.0;
				TARGETED_DEVICE_FAMILY = "1,2";
				TEST_TARGET_NAME = ReviewRestaurantsMKETool;
			};
			name = Release;
		};
/* End XCBuildConfiguration section */

/* Begin XCConfigurationList section */
		1E9186172553A0EF00D43520 /* Build configuration list for PBXProject "ReviewRestaurantsMKETool" */ = {
			isa = XCConfigurationList;
			buildConfigurations = (
				1E9186442553A0F200D43520 /* Debug */,
				1E9186452553A0F200D43520 /* Release */,
			);
			defaultConfigurationIsVisible = 0;
			defaultConfigurationName = Release;
		};
		1E9186462553A0F200D43520 /* Build configuration list for PBXNativeTarget "ReviewRestaurantsMKETool" */ = {
			isa = XCConfigurationList;
			buildConfigurations = (
				1E9186472553A0F200D43520 /* Debug */,
				1E9186482553A0F200D43520 /* Release */,
			);
			defaultConfigurationIsVisible = 0;
			defaultConfigurationName = Release;
		};
		1E9186492553A0F200D43520 /* Build configuration list for PBXNativeTarget "ReviewRestaurantsMKEToolTests" */ = {
			isa = XCConfigurationList;
			buildConfigurations = (
				1E91864A2553A0F200D43520 /* Debug */,
				1E91864B2553A0F200D43520 /* Release */,
			);
			defaultConfigurationIsVisible = 0;
			defaultConfigurationName = Release;
		};
		1E91864C2553A0F200D43520 /* Build configuration list for PBXNativeTarget "ReviewRestaurantsMKEToolUITests" */ = {
			isa = XCConfigurationList;
			buildConfigurations = (
				1E91864D2553A0F200D43520 /* Debug */,
				1E91864E2553A0F200D43520 /* Release */,
			);
			defaultConfigurationIsVisible = 0;
			defaultConfigurationName = Release;
		};
/* End XCConfigurationList section */

/* Begin XCVersionGroup section */
		1E91862A2553A0F100D43520 /* ReviewRestaurantsMKETool.xcdatamodeld */ = {
			isa = XCVersionGroup;
			children = (
				1E91862B2553A0F100D43520 /* ReviewRestaurantsMKETool.xcdatamodel */,
			);
			currentVersion = 1E91862B2553A0F100D43520 /* ReviewRestaurantsMKETool.xcdatamodel */;
			path = ReviewRestaurantsMKETool.xcdatamodeld;
			sourceTree = "<group>";
			versionGroupType = wrapper.xcdatamodel;
		};
/* End XCVersionGroup section */
	};
	rootObject = 1E9186142553A0EF00D43520 /* Project object */;
}
